
Microsoft Visual Studio Solution File, Format Version 12.00
# Visual Studio Version 17
VisualStudioVersion = 17.8.34330.188
MinimumVisualStudioVersion = 10.0.40219.1
Project("{9A19103F-16F7-4668-BE54-9A1E7A4F7556}") = "MoscowReports", "MoscowReports\MoscowReports.csproj", "{CE470A14-51B5-46BC-B464-0715BFBD15E7}"
EndProject
Project("{9A19103F-16F7-4668-BE54-9A1E7A4F7556}") = "Data", "Data\Data.csproj", "{2AAE627D-4C41-48F9-9B94-C8C304BFE886}"
EndProject
Project("{9A19103F-16F7-4668-BE54-9A1E7A4F7556}") = "Files", "Files\Files.csproj", "{CCE2265E-6BDB-439C-A521-E88FF577F67E}"
EndProject
Project("{FAE04EC0-301F-11D3-BF4B-00C04F79EFBC}") = "Logging", "Logging\Logging.csproj", "{2F67BE04-8ABB-4C92-8F20-8EBC5FE8E872}"
EndProject
Global
	GlobalSection(SolutionConfigurationPlatforms) = preSolution
		Debug|Any CPU = Debug|Any CPU
		Release|Any CPU = Release|Any CPU
	EndGlobalSection
	GlobalSection(ProjectConfigurationPlatforms) = postSolution
		{CE470A14-51B5-46BC-B464-0715BFBD15E7}.Debug|Any CPU.ActiveCfg = Debug|Any CPU
		{CE470A14-51B5-46BC-B464-0715BFBD15E7}.Debug|Any CPU.Build.0 = Debug|Any CPU
		{CE470A14-51B5-46BC-B464-0715BFBD15E7}.Release|Any CPU.ActiveCfg = Release|Any CPU
		{CE470A14-51B5-46BC-B464-0715BFBD15E7}.Release|Any CPU.Build.0 = Release|Any CPU
		{2AAE627D-4C41-48F9-9B94-C8C304BFE886}.Debug|Any CPU.ActiveCfg = Debug|Any CPU
		{2AAE627D-4C41-48F9-9B94-C8C304BFE886}.Debug|Any CPU.Build.0 = Debug|Any CPU
		{2AAE627D-4C41-48F9-9B94-C8C304BFE886}.Release|Any CPU.ActiveCfg = Release|Any CPU
		{2AAE627D-4C41-48F9-9B94-C8C304BFE886}.Release|Any CPU.Build.0 = Release|Any CPU
		{CCE2265E-6BDB-439C-A521-E88FF577F67E}.Debug|Any CPU.ActiveCfg = Debug|Any CPU
		{CCE2265E-6BDB-439C-A521-E88FF577F67E}.Debug|Any CPU.Build.0 = Debug|Any CPU
		{CCE2265E-6BDB-439C-A521-E88FF577F67E}.Release|Any CPU.ActiveCfg = Release|Any CPU
		{CCE2265E-6BDB-439C-A521-E88FF577F67E}.Release|Any CPU.Build.0 = Release|Any CPU
		{2F67BE04-8ABB-4C92-8F20-8EBC5FE8E872}.Debug|Any CPU.ActiveCfg = Debug|Any CPU
		{2F67BE04-8ABB-4C92-8F20-8EBC5FE8E872}.Debug|Any CPU.Build.0 = Debug|Any CPU
		{2F67BE04-8ABB-4C92-8F20-8EBC5FE8E872}.Release|Any CPU.ActiveCfg = Release|Any CPU
		{2F67BE04-8ABB-4C92-8F20-8EBC5FE8E872}.Release|Any CPU.Build.0 = Release|Any CPU
	EndGlobalSection
	GlobalSection(SolutionProperties) = preSolution
		HideSolutionNode = FALSE
	EndGlobalSection
	GlobalSection(ExtensibilityGlobals) = postSolution
		SolutionGuid = {DE5E8A99-5F58-4CEF-9113-B2CAC9C3DF5C}
	EndGlobalSection
EndGlobal
